{
  "version": 4,
  "terraform_version": "0.13.0",
  "serial": 244,
  "lineage": "d030e8d6-b511-0226-fba4-764e61779cd3",
  "outputs": {},
  "resources": [
    {
      "module": "module.vpc",
      "mode": "managed",
      "type": "aws_vpc",
      "name": "this",
      "provider": "provider[\"registry.terraform.io/hashicorp/aws\"]",
      "instances": [
        {
          "index_key": 0,
          "schema_version": 1,
          "attributes": {
            "arn": "arn:aws:ec2:us-east-2:108649908157:vpc/vpc-05072916ad44b2d6a",
            "assign_generated_ipv6_cidr_block": false,
            "cidr_block": "10.0.0.0/16",
            "default_network_acl_id": "acl-0b4ac224b223a67e6",
            "default_route_table_id": "rtb-03a5981ada8cb4183",
            "default_security_group_id": "sg-03d0970ce10b9b9f2",
            "dhcp_options_id": "dopt-405ae82b",
            "enable_classiclink": null,
            "enable_classiclink_dns_support": null,
            "enable_dns_hostnames": true,
            "enable_dns_support": true,
            "id": "vpc-05072916ad44b2d6a",
            "instance_tenancy": "default",
            "ipv6_association_id": "",
            "ipv6_cidr_block": "",
            "main_route_table_id": "rtb-03a5981ada8cb4183",
            "owner_id": "108649908157",
            "tags": {
              "Name": "platform-vpc",
              "kubernetes.io/cluster/platform-eks-bhn6hmI3": "shared"
            }
          }
        }
      ]
    },
    {
      "mode": "managed",
      "type": "random_string",
      "name": "suffix",
      "provider": "provider[\"registry.terraform.io/hashicorp/random\"]",
      "instances": [
        {
          "schema_version": 1,
          "attributes": {
            "id": "bhn6hmI3",
            "keepers": null,
            "length": 8,
            "lower": true,
            "min_lower": 0,
            "min_numeric": 0,
            "min_special": 0,
            "min_upper": 0,
            "number": true,
            "override_special": null,
            "result": "bhn6hmI3",
            "special": false,
            "upper": true
          },
          "private": "eyJzY2hlbWFfdmVyc2lvbiI6IjEifQ==",
          "create_before_destroy": true
        }
      ]
    }
  ]
}
